
Microsoft Visual Studio Solution File, Format Version 12.00
# Visual Studio Version 17
VisualStudioVersion = 17.4.33213.308
MinimumVisualStudioVersion = 10.0.40219.1
Project("{FAE04EC0-301F-11D3-BF4B-00C04F79EFBC}") = "ArduinoToWinform", "ArduinoToWinform\ArduinoToWinform.csproj", "{4F657E8B-0999-48B4-9CA1-9F2978E6A2CC}"
EndProject
Global
	GlobalSection(SolutionConfigurationPlatforms) = preSolution
		Debug|Any CPU = Debug|Any CPU
		Release|Any CPU = Release|Any CPU
	EndGlobalSection
	GlobalSection(ProjectConfigurationPlatforms) = postSolution
		{4F657E8B-0999-48B4-9CA1-9F2978E6A2CC}.Debug|Any CPU.ActiveCfg = Debug|Any CPU
		{4F657E8B-0999-48B4-9CA1-9F2978E6A2CC}.Debug|Any CPU.Build.0 = Debug|Any CPU
		{4F657E8B-0999-48B4-9CA1-9F2978E6A2CC}.Release|Any CPU.ActiveCfg = Release|Any CPU
		{4F657E8B-0999-48B4-9CA1-9F2978E6A2CC}.Release|Any CPU.Build.0 = Release|Any CPU
	EndGlobalSection
	GlobalSection(SolutionProperties) = preSolution
		HideSolutionNode = FALSE
	EndGlobalSection
	GlobalSection(ExtensibilityGlobals) = postSolution
		SolutionGuid = {0994D81C-9CE1-4B2B-A5C5-2E69729C313F}
	EndGlobalSection
EndGlobal
